
Microsoft Visual Studio Solution File, Format Version 10.00
# Visual Studio 2008
Project("{8BC9CEB8-8B4A-11D0-8D11-00A0C91BC942}") = "PlaneGame", "PlaneGame\PlaneGame.vcproj", "{0CC73C2E-DBAF-4311-896F-69DC1BFBDEE9}"
EndProject
Global
	GlobalSection(SolutionConfigurationPlatforms) = preSolution
		Debug|Win32 = Debug|Win32
		Release|Win32 = Release|Win32
	EndGlobalSection
	GlobalSection(ProjectConfigurationPlatforms) = postSolution
		{0CC73C2E-DBAF-4311-896F-69DC1BFBDEE9}.Debug|Win32.ActiveCfg = Debug|Win32
		{0CC73C2E-DBAF-4311-896F-69DC1BFBDEE9}.Debug|Win32.Build.0 = Debug|Win32
		{0CC73C2E-DBAF-4311-896F-69DC1BFBDEE9}.Release|Win32.ActiveCfg = Release|Win32
		{0CC73C2E-DBAF-4311-896F-69DC1BFBDEE9}.Release|Win32.Build.0 = Release|Win32
	EndGlobalSection
	GlobalSection(SolutionProperties) = preSolution
		HideSolutionNode = FALSE
	EndGlobalSection
EndGlobal
