<?xml version="1.0" encoding="UTF-8" standalone="yes" ?>
<CodeBlocks_project_file>
	<FileVersion major="1" minor="6" />
	<Project>
		<Option title="dbms" />
		<Option pch_mode="2" />
		<Option compiler="gcc" />
		<Build>
			<Target title="Debug">
				<Option output="bin\Debug\dbms" prefix_auto="1" extension_auto="1" />
				<Option object_output="obj\Debug\" />
				<Option type="1" />
				<Option compiler="gcc" />
				<Compiler>
					<Add option="-g" />
				</Compiler>
			</Target>
			<Target title="Release">
				<Option output="bin\Release\dbms" prefix_auto="1" extension_auto="1" />
				<Option object_output="obj\Release\" />
				<Option type="1" />
				<Option compiler="gcc" />
				<Compiler>
					<Add option="-O2" />
				</Compiler>
				<Linker>
					<Add option="-s" />
				</Linker>
			</Target>
		</Build>
		<Compiler>
			<Add option="-Wall" />
			<Add option="-fexceptions" />
		</Compiler>
		<Unit filename="create.cpp">
			<Option target="Debug" />
		</Unit>
		<Unit filename="create.h">
			<Option target="Debug" />
		</Unit>
		<Unit filename="delete.cpp">
			<Option target="Debug" />
		</Unit>
		<Unit filename="delete.h">
			<Option target="Debug" />
		</Unit>
		<Unit filename="describe.cpp">
			<Option target="Debug" />
		</Unit>
		<Unit filename="describe.h">
			<Option target="Debug" />
		</Unit>
		<Unit filename="display.cpp">
			<Option target="Debug" />
		</Unit>
		<Unit filename="display.h">
			<Option target="Debug" />
		</Unit>
		<Unit filename="file_operate.cpp">
			<Option target="Debug" />
		</Unit>
		<Unit filename="file_operate.h">
			<Option target="Debug" />
		</Unit>
		<Unit filename="insert.cpp">
			<Option target="Debug" />
		</Unit>
		<Unit filename="insert.h">
			<Option target="Debug" />
		</Unit>
		<Unit filename="main.cpp" />
		<Unit filename="select.cpp">
			<Option target="Debug" />
		</Unit>
		<Unit filename="select.h">
			<Option target="Debug" />
		</Unit>
		<Unit filename="update.cpp">
			<Option target="Debug" />
		</Unit>
		<Unit filename="update.h">
			<Option target="Debug" />
		</Unit>
		<Extensions>
			<code_completion />
			<debugger />
		</Extensions>
	</Project>
</CodeBlocks_project_file>
